
Microsoft Visual Studio Solution File, Format Version 12.00
# Visual Studio Version 17
VisualStudioVersion = 17.7.34221.43
MinimumVisualStudioVersion = 10.0.40219.1
Project("{FAE04EC0-301F-11D3-BF4B-00C04F79EFBC}") = "HocSinh", "HocSinh.csproj", "{581D04ED-52B9-4BDD-A4EC-34940C7E2A73}"
EndProject
Global
	GlobalSection(SolutionConfigurationPlatforms) = preSolution
		Debug|Any CPU = Debug|Any CPU
		Release|Any CPU = Release|Any CPU
	EndGlobalSection
	GlobalSection(ProjectConfigurationPlatforms) = postSolution
		{581D04ED-52B9-4BDD-A4EC-34940C7E2A73}.Debug|Any CPU.ActiveCfg = Debug|Any CPU
		{581D04ED-52B9-4BDD-A4EC-34940C7E2A73}.Debug|Any CPU.Build.0 = Debug|Any CPU
		{581D04ED-52B9-4BDD-A4EC-34940C7E2A73}.Release|Any CPU.ActiveCfg = Release|Any CPU
		{581D04ED-52B9-4BDD-A4EC-34940C7E2A73}.Release|Any CPU.Build.0 = Release|Any CPU
	EndGlobalSection
	GlobalSection(SolutionProperties) = preSolution
		HideSolutionNode = FALSE
	EndGlobalSection
	GlobalSection(ExtensibilityGlobals) = postSolution
		SolutionGuid = {68A38FA4-F3A2-43F6-A66D-D291B8B936E6}
	EndGlobalSection
EndGlobal
